
Microsoft Visual Studio Solution File, Format Version 12.00
# Visual Studio 14
VisualStudioVersion = 14.0.25420.1
MinimumVisualStudioVersion = 10.0.40219.1
Project("{FAE04EC0-301F-11D3-BF4B-00C04F79EFBC}") = "PropertyManagement", "PropertyManagement\PropertyManagement.csproj", "{8F9C94E7-4CE2-41CB-A15C-D99C2641A9F0}"
EndProject
Project("{FAE04EC0-301F-11D3-BF4B-00C04F79EFBC}") = "PropertyManagement.Tests", "PropertyManagement.Tests\PropertyManagement.Tests.csproj", "{7B70CADA-50E0-4356-A62F-DCC10C73C825}"
EndProject
Project("{FAE04EC0-301F-11D3-BF4B-00C04F79EFBC}") = "PropertyManagementLogic", "..\PropertyManagementLogic\PropertyManagementLogic.csproj", "{E93435C3-0E4C-4BD7-8BD5-047215B26CF7}"
EndProject
Global
	GlobalSection(SolutionConfigurationPlatforms) = preSolution
		Debug|Any CPU = Debug|Any CPU
		Release|Any CPU = Release|Any CPU
	EndGlobalSection
	GlobalSection(ProjectConfigurationPlatforms) = postSolution
		{8F9C94E7-4CE2-41CB-A15C-D99C2641A9F0}.Debug|Any CPU.ActiveCfg = Debug|Any CPU
		{8F9C94E7-4CE2-41CB-A15C-D99C2641A9F0}.Debug|Any CPU.Build.0 = Debug|Any CPU
		{8F9C94E7-4CE2-41CB-A15C-D99C2641A9F0}.Release|Any CPU.ActiveCfg = Release|Any CPU
		{8F9C94E7-4CE2-41CB-A15C-D99C2641A9F0}.Release|Any CPU.Build.0 = Release|Any CPU
		{7B70CADA-50E0-4356-A62F-DCC10C73C825}.Debug|Any CPU.ActiveCfg = Debug|Any CPU
		{7B70CADA-50E0-4356-A62F-DCC10C73C825}.Debug|Any CPU.Build.0 = Debug|Any CPU
		{7B70CADA-50E0-4356-A62F-DCC10C73C825}.Release|Any CPU.ActiveCfg = Release|Any CPU
		{7B70CADA-50E0-4356-A62F-DCC10C73C825}.Release|Any CPU.Build.0 = Release|Any CPU
		{E93435C3-0E4C-4BD7-8BD5-047215B26CF7}.Debug|Any CPU.ActiveCfg = Debug|Any CPU
		{E93435C3-0E4C-4BD7-8BD5-047215B26CF7}.Debug|Any CPU.Build.0 = Debug|Any CPU
		{E93435C3-0E4C-4BD7-8BD5-047215B26CF7}.Release|Any CPU.ActiveCfg = Release|Any CPU
		{E93435C3-0E4C-4BD7-8BD5-047215B26CF7}.Release|Any CPU.Build.0 = Release|Any CPU
	EndGlobalSection
	GlobalSection(SolutionProperties) = preSolution
		HideSolutionNode = FALSE
	EndGlobalSection
EndGlobal
