
Microsoft Visual Studio Solution File, Format Version 12.00
# Visual Studio 14
VisualStudioVersion = 14.0.25420.1
MinimumVisualStudioVersion = 10.0.40219.1
Project("{FAE04EC0-301F-11D3-BF4B-00C04F79EFBC}") = "Restaurant", "Restaurant\Restaurant.csproj", "{F51FE575-D52F-40B8-927A-FA3A9643E419}"
EndProject
Project("{FAE04EC0-301F-11D3-BF4B-00C04F79EFBC}") = "Restaurant.Tests", "Restaurant.Tests\Restaurant.Tests.csproj", "{87B13699-52AE-4056-BF62-2ED9B6DF9604}"
EndProject
Project("{FAE04EC0-301F-11D3-BF4B-00C04F79EFBC}") = "DomainLogic", "DomainLogic\DomainLogic.csproj", "{1D4BF87C-14BB-493F-81A3-4B7117B40BA9}"
EndProject
Project("{FAE04EC0-301F-11D3-BF4B-00C04F79EFBC}") = "DAL", "DAL\DAL.csproj", "{720ADC96-9097-4A72-BF24-6ADBA8A75119}"
EndProject
Project("{FAE04EC0-301F-11D3-BF4B-00C04F79EFBC}") = "Factory", "Factory\Factory.csproj", "{946EE806-8219-464D-92F5-D1DFE42BDDF1}"
EndProject
Project("{FAE04EC0-301F-11D3-BF4B-00C04F79EFBC}") = "Models", "Models\Models.csproj", "{46278DEC-C8F1-4292-B17F-1EBB120001DB}"
EndProject
Global
	GlobalSection(SolutionConfigurationPlatforms) = preSolution
		Debug|Any CPU = Debug|Any CPU
		Release|Any CPU = Release|Any CPU
	EndGlobalSection
	GlobalSection(ProjectConfigurationPlatforms) = postSolution
		{F51FE575-D52F-40B8-927A-FA3A9643E419}.Debug|Any CPU.ActiveCfg = Debug|Any CPU
		{F51FE575-D52F-40B8-927A-FA3A9643E419}.Debug|Any CPU.Build.0 = Debug|Any CPU
		{F51FE575-D52F-40B8-927A-FA3A9643E419}.Release|Any CPU.ActiveCfg = Release|Any CPU
		{F51FE575-D52F-40B8-927A-FA3A9643E419}.Release|Any CPU.Build.0 = Release|Any CPU
		{87B13699-52AE-4056-BF62-2ED9B6DF9604}.Debug|Any CPU.ActiveCfg = Debug|Any CPU
		{87B13699-52AE-4056-BF62-2ED9B6DF9604}.Debug|Any CPU.Build.0 = Debug|Any CPU
		{87B13699-52AE-4056-BF62-2ED9B6DF9604}.Release|Any CPU.ActiveCfg = Release|Any CPU
		{87B13699-52AE-4056-BF62-2ED9B6DF9604}.Release|Any CPU.Build.0 = Release|Any CPU
		{1D4BF87C-14BB-493F-81A3-4B7117B40BA9}.Debug|Any CPU.ActiveCfg = Debug|Any CPU
		{1D4BF87C-14BB-493F-81A3-4B7117B40BA9}.Debug|Any CPU.Build.0 = Debug|Any CPU
		{1D4BF87C-14BB-493F-81A3-4B7117B40BA9}.Release|Any CPU.ActiveCfg = Release|Any CPU
		{1D4BF87C-14BB-493F-81A3-4B7117B40BA9}.Release|Any CPU.Build.0 = Release|Any CPU
		{720ADC96-9097-4A72-BF24-6ADBA8A75119}.Debug|Any CPU.ActiveCfg = Debug|Any CPU
		{720ADC96-9097-4A72-BF24-6ADBA8A75119}.Debug|Any CPU.Build.0 = Debug|Any CPU
		{720ADC96-9097-4A72-BF24-6ADBA8A75119}.Release|Any CPU.ActiveCfg = Release|Any CPU
		{720ADC96-9097-4A72-BF24-6ADBA8A75119}.Release|Any CPU.Build.0 = Release|Any CPU
		{946EE806-8219-464D-92F5-D1DFE42BDDF1}.Debug|Any CPU.ActiveCfg = Debug|Any CPU
		{946EE806-8219-464D-92F5-D1DFE42BDDF1}.Debug|Any CPU.Build.0 = Debug|Any CPU
		{946EE806-8219-464D-92F5-D1DFE42BDDF1}.Release|Any CPU.ActiveCfg = Release|Any CPU
		{946EE806-8219-464D-92F5-D1DFE42BDDF1}.Release|Any CPU.Build.0 = Release|Any CPU
		{46278DEC-C8F1-4292-B17F-1EBB120001DB}.Debug|Any CPU.ActiveCfg = Debug|Any CPU
		{46278DEC-C8F1-4292-B17F-1EBB120001DB}.Debug|Any CPU.Build.0 = Debug|Any CPU
		{46278DEC-C8F1-4292-B17F-1EBB120001DB}.Release|Any CPU.ActiveCfg = Release|Any CPU
		{46278DEC-C8F1-4292-B17F-1EBB120001DB}.Release|Any CPU.Build.0 = Release|Any CPU
	EndGlobalSection
	GlobalSection(SolutionProperties) = preSolution
		HideSolutionNode = FALSE
	EndGlobalSection
EndGlobal
