
Microsoft Visual Studio Solution File, Format Version 12.00
# Visual Studio 14
VisualStudioVersion = 14.0.25420.1
MinimumVisualStudioVersion = 10.0.40219.1
Project("{FAE04EC0-301F-11D3-BF4B-00C04F79EFBC}") = "TestBrownButler", "TestBrownButler.csproj", "{B0F350D5-EAB0-4213-8EF4-9C4525E8CF90}"
EndProject
Project("{FAE04EC0-301F-11D3-BF4B-00C04F79EFBC}") = "UI", "..\UI\UI.csproj", "{3115D98F-5ED1-4820-AB9D-C355F1F20232}"
EndProject
Global
	GlobalSection(SolutionConfigurationPlatforms) = preSolution
		Debug|Any CPU = Debug|Any CPU
		Release|Any CPU = Release|Any CPU
	EndGlobalSection
	GlobalSection(ProjectConfigurationPlatforms) = postSolution
		{B0F350D5-EAB0-4213-8EF4-9C4525E8CF90}.Debug|Any CPU.ActiveCfg = Debug|Any CPU
		{B0F350D5-EAB0-4213-8EF4-9C4525E8CF90}.Debug|Any CPU.Build.0 = Debug|Any CPU
		{B0F350D5-EAB0-4213-8EF4-9C4525E8CF90}.Release|Any CPU.ActiveCfg = Release|Any CPU
		{B0F350D5-EAB0-4213-8EF4-9C4525E8CF90}.Release|Any CPU.Build.0 = Release|Any CPU
		{3115D98F-5ED1-4820-AB9D-C355F1F20232}.Debug|Any CPU.ActiveCfg = Debug|Any CPU
		{3115D98F-5ED1-4820-AB9D-C355F1F20232}.Debug|Any CPU.Build.0 = Debug|Any CPU
		{3115D98F-5ED1-4820-AB9D-C355F1F20232}.Release|Any CPU.ActiveCfg = Release|Any CPU
		{3115D98F-5ED1-4820-AB9D-C355F1F20232}.Release|Any CPU.Build.0 = Release|Any CPU
	EndGlobalSection
	GlobalSection(SolutionProperties) = preSolution
		HideSolutionNode = FALSE
	EndGlobalSection
EndGlobal
